
Microsoft Visual Studio Solution File, Format Version 12.00
# Visual Studio Version 17
VisualStudioVersion = 17.2.32616.157
MinimumVisualStudioVersion = 10.0.40219.1
Project("{FAE04EC0-301F-11D3-BF4B-00C04F79EFBC}") = "Biblioteca", "Biblioteca\Biblioteca.csproj", "{858781D5-8C6E-4883-A4CF-F888476180AC}"
EndProject
Global
	GlobalSection(SolutionConfigurationPlatforms) = preSolution
		Debug|Any CPU = Debug|Any CPU
		Release|Any CPU = Release|Any CPU
	EndGlobalSection
	GlobalSection(ProjectConfigurationPlatforms) = postSolution
		{858781D5-8C6E-4883-A4CF-F888476180AC}.Debug|Any CPU.ActiveCfg = Debug|Any CPU
		{858781D5-8C6E-4883-A4CF-F888476180AC}.Debug|Any CPU.Build.0 = Debug|Any CPU
		{858781D5-8C6E-4883-A4CF-F888476180AC}.Release|Any CPU.ActiveCfg = Release|Any CPU
		{858781D5-8C6E-4883-A4CF-F888476180AC}.Release|Any CPU.Build.0 = Release|Any CPU
	EndGlobalSection
	GlobalSection(SolutionProperties) = preSolution
		HideSolutionNode = FALSE
	EndGlobalSection
	GlobalSection(ExtensibilityGlobals) = postSolution
		SolutionGuid = {A8D5850A-B2C1-45EA-87DF-F2E2F3D7F633}
	EndGlobalSection
EndGlobal
